<?xml version="1.0" encoding="utf-8"?>
<Project ToolsVersion="4.0" xmlns="http://schemas.microsoft.com/developer/msbuild/2003">
  <ItemGroup>
    <Filter Include="源文件">
      <UniqueIdentifier>{4FC737F1-C7A5-4376-A066-2A32D752A2FF}</UniqueIdentifier>
      <Extensions>cpp;c;cc;cxx;c++;def;odl;idl;hpj;bat;asm;asmx</Extensions>
    </Filter>
    <Filter Include="头文件">
      <UniqueIdentifier>{93995380-89BD-4b04-88EB-625FBE52EBFB}</UniqueIdentifier>
      <Extensions>h;hh;hpp;hxx;h++;hm;inl;inc;ipp;xsd</Extensions>
    </Filter>
    <Filter Include="资源文件">
      <UniqueIdentifier>{67DA6AB6-F800-4c08-8B7A-83BB121AAD01}</UniqueIdentifier>
      <Extensions>rc;ico;cur;bmp;dlg;rc2;rct;bin;rgs;gif;jpg;jpeg;jpe;resx;tiff;tif;png;wav;mfcribbon-ms</Extensions>
    </Filter>
    <Filter Include="源文件\999笔试真题">
      <UniqueIdentifier>{052588c8-3817-46ce-8c07-e621f10102d5}</UniqueIdentifier>
    </Filter>
    <Filter Include="源文件\999笔试真题\大疆">
      <UniqueIdentifier>{679e5b2c-49a5-4a38-a956-abe814e0aed9}</UniqueIdentifier>
    </Filter>
    <Filter Include="源文件\001数组和字符串">
      <UniqueIdentifier>{e53cd09e-a905-4d85-a3f7-bcea625b91c7}</UniqueIdentifier>
    </Filter>
    <Filter Include="源文件\001数组和字符串\01数组">
      <UniqueIdentifier>{4a9f922a-102c-474e-9f14-5df12435c024}</UniqueIdentifier>
    </Filter>
    <Filter Include="源文件\001数组和字符串\02字符串">
      <UniqueIdentifier>{b58fc006-703a-45af-8042-080e9d63e1c3}</UniqueIdentifier>
    </Filter>
    <Filter Include="源文件\001数组和字符串\03双指针技巧">
      <UniqueIdentifier>{23ec4d7e-0aa2-435f-9265-4f4887aa64c3}</UniqueIdentifier>
    </Filter>
    <Filter Include="源文件\001数组和字符串\04小结">
      <UniqueIdentifier>{a427da72-dc8b-40a9-8373-501378699ce2}</UniqueIdentifier>
    </Filter>
    <Filter Include="源文件\002队列和栈">
      <UniqueIdentifier>{8fb8ac68-bf3b-478d-9f5e-7bdf13b1d34f}</UniqueIdentifier>
    </Filter>
    <Filter Include="源文件\002队列和栈\01队列：先入先出">
      <UniqueIdentifier>{f19bc0f3-d2a3-449d-9edc-0b077910a377}</UniqueIdentifier>
    </Filter>
    <Filter Include="源文件\002队列和栈\02队列和广度优先搜索">
      <UniqueIdentifier>{a3e88c7c-4189-45c8-818e-767e8883ca43}</UniqueIdentifier>
    </Filter>
    <Filter Include="源文件\999笔试真题\华为">
      <UniqueIdentifier>{7038965e-e0d8-4238-872b-acd8c65582a6}</UniqueIdentifier>
    </Filter>
    <Filter Include="源文件\999笔试真题\不名企业">
      <UniqueIdentifier>{36aad862-8b82-4ffe-b5f3-3c2b169dbad4}</UniqueIdentifier>
    </Filter>
    <Filter Include="源文件\999笔试真题\顺丰">
      <UniqueIdentifier>{80549e60-32e6-42b5-8dbe-438591be5882}</UniqueIdentifier>
    </Filter>
    <Filter Include="源文件\002队列和栈\03栈：后入先出的数据结构">
      <UniqueIdentifier>{b045cbfd-b1a3-46b8-abea-91ab6964f132}</UniqueIdentifier>
    </Filter>
    <Filter Include="源文件\002队列和栈\04栈和深度优先搜索">
      <UniqueIdentifier>{db35e7b7-c048-41dc-a1a9-781eb0a480c0}</UniqueIdentifier>
    </Filter>
    <Filter Include="源文件\002队列和栈\05小结">
      <UniqueIdentifier>{d902f266-c0c9-4554-8764-0dc61dddf79b}</UniqueIdentifier>
    </Filter>
    <Filter Include="源文件\999笔试真题\海康">
      <UniqueIdentifier>{008ef536-c277-4fdc-b568-f848ce29295d}</UniqueIdentifier>
    </Filter>
  </ItemGroup>
  <ItemGroup>
    <ClCompile Include="对角线遍历.cpp">
      <Filter>源文件\001数组和字符串\01数组</Filter>
    </ClCompile>
    <ClCompile Include="合并区间.cpp">
      <Filter>源文件\001数组和字符串\01数组</Filter>
    </ClCompile>
    <ClCompile Include="零矩阵.cpp">
      <Filter>源文件\001数组和字符串\01数组</Filter>
    </ClCompile>
    <ClCompile Include="搜索插入位置.cpp">
      <Filter>源文件\001数组和字符串\01数组</Filter>
    </ClCompile>
    <ClCompile Include="旋转矩阵.cpp">
      <Filter>源文件\001数组和字符串\01数组</Filter>
    </ClCompile>
    <ClCompile Include="寻找数组的中心索引.cpp">
      <Filter>源文件\001数组和字符串\01数组</Filter>
    </ClCompile>
    <ClCompile Include="最长公共前缀.cpp">
      <Filter>源文件\001数组和字符串\02字符串</Filter>
    </ClCompile>
    <ClCompile Include="最长回文子串.cpp">
      <Filter>源文件\001数组和字符串\02字符串</Filter>
    </ClCompile>
    <ClCompile Include="翻转字符串里的单词.cpp">
      <Filter>源文件\001数组和字符串\02字符串</Filter>
    </ClCompile>
    <ClCompile Include="在字符串中寻找匹配的字符串的第一个位置strStr.cpp">
      <Filter>源文件\001数组和字符串\02字符串</Filter>
    </ClCompile>
    <ClCompile Include="反转字符串.cpp">
      <Filter>源文件\001数组和字符串\03双指针技巧</Filter>
    </ClCompile>
    <ClCompile Include="数组拆分.cpp">
      <Filter>源文件\001数组和字符串\03双指针技巧</Filter>
    </ClCompile>
    <ClCompile Include="两数之和.cpp">
      <Filter>源文件\001数组和字符串\03双指针技巧</Filter>
    </ClCompile>
    <ClCompile Include="多态调用.cpp">
      <Filter>源文件\999笔试真题\大疆</Filter>
    </ClCompile>
    <ClCompile Include="移除 K 位得到最小值2.cpp">
      <Filter>源文件\999笔试真题\大疆</Filter>
    </ClCompile>
    <ClCompile Include="移除K位得到最小值1.cpp">
      <Filter>源文件\999笔试真题\大疆</Filter>
    </ClCompile>
    <ClCompile Include="源.cpp">
      <Filter>源文件\999笔试真题\大疆</Filter>
    </ClCompile>
    <ClCompile Include="移除元素.cpp">
      <Filter>源文件\001数组和字符串\03双指针技巧</Filter>
    </ClCompile>
    <ClCompile Include="长度最小的子数组.cpp">
      <Filter>源文件\001数组和字符串\03双指针技巧</Filter>
    </ClCompile>
    <ClCompile Include="最大连续1的个数.cpp">
      <Filter>源文件\001数组和字符串\03双指针技巧</Filter>
    </ClCompile>
    <ClCompile Include="反转字符串中的单词Ⅲ.cpp">
      <Filter>源文件\001数组和字符串\04小结</Filter>
    </ClCompile>
    <ClCompile Include="删除数组中的重复项.cpp">
      <Filter>源文件\001数组和字符串\04小结</Filter>
    </ClCompile>
    <ClCompile Include="寻找旋转排序数组中的最小值.cpp">
      <Filter>源文件\001数组和字符串\04小结</Filter>
    </ClCompile>
    <ClCompile Include="杨辉三角.cpp">
      <Filter>源文件\001数组和字符串\04小结</Filter>
    </ClCompile>
    <ClCompile Include="杨辉三角Ⅱ.cpp">
      <Filter>源文件\001数组和字符串\04小结</Filter>
    </ClCompile>
    <ClCompile Include="移动零.cpp">
      <Filter>源文件\001数组和字符串\04小结</Filter>
    </ClCompile>
    <ClCompile Include="346.数据流中的移动平均值.cpp">
      <Filter>源文件\002队列和栈\01队列：先入先出</Filter>
    </ClCompile>
    <ClCompile Include="622.设计循环队列实现.cpp">
      <Filter>源文件\002队列和栈\01队列：先入先出</Filter>
    </ClCompile>
    <ClCompile Include="200.岛屿数量.cpp">
      <Filter>源文件\002队列和栈\02队列和广度优先搜索</Filter>
    </ClCompile>
    <ClCompile Include="286.墙与门.cpp">
      <Filter>源文件\002队列和栈\02队列和广度优先搜索</Filter>
    </ClCompile>
    <ClCompile Include="752.打开转盘锁.cpp">
      <Filter>源文件\002队列和栈\02队列和广度优先搜索</Filter>
    </ClCompile>
    <ClCompile Include="方块最小未消除行.cpp">
      <Filter>源文件\999笔试真题\华为</Filter>
    </ClCompile>
    <ClCompile Include="根据结点计算有多少种二叉树.cpp">
      <Filter>源文件\999笔试真题\华为</Filter>
    </ClCompile>
    <ClCompile Include="外圈开始报数.cpp">
      <Filter>源文件\999笔试真题\华为</Filter>
    </ClCompile>
    <ClCompile Include="编程题1.cpp">
      <Filter>源文件\999笔试真题\顺丰</Filter>
    </ClCompile>
    <ClCompile Include="题目1.cpp">
      <Filter>源文件\999笔试真题\顺丰</Filter>
    </ClCompile>
    <ClCompile Include="题目2.cpp">
      <Filter>源文件\999笔试真题\顺丰</Filter>
    </ClCompile>
    <ClCompile Include="题目3.cpp">
      <Filter>源文件\999笔试真题\顺丰</Filter>
    </ClCompile>
    <ClCompile Include="题目4.cpp">
      <Filter>源文件\999笔试真题\顺丰</Filter>
    </ClCompile>
    <ClCompile Include="题目5.cpp">
      <Filter>源文件\999笔试真题\顺丰</Filter>
    </ClCompile>
    <ClCompile Include="题目6.cpp">
      <Filter>源文件\999笔试真题\顺丰</Filter>
    </ClCompile>
    <ClCompile Include="题目7.cpp">
      <Filter>源文件\999笔试真题\顺丰</Filter>
    </ClCompile>
    <ClCompile Include="寻找数组B中的字符串在数组A中的位置.cpp">
      <Filter>源文件\999笔试真题\不名企业</Filter>
    </ClCompile>
    <ClCompile Include="279.完全平方数.cpp">
      <Filter>源文件\002队列和栈\02队列和广度优先搜索</Filter>
    </ClCompile>
    <ClCompile Include="栈的实现_vector.cpp">
      <Filter>源文件\002队列和栈\03栈：后入先出的数据结构</Filter>
    </ClCompile>
    <ClCompile Include="队列实现_vector.cpp">
      <Filter>源文件\002队列和栈\01队列：先入先出</Filter>
    </ClCompile>
    <ClCompile Include="155.最小栈.cpp">
      <Filter>源文件\002队列和栈\03栈：后入先出的数据结构</Filter>
    </ClCompile>
    <ClCompile Include="20.有效的括号.cpp">
      <Filter>源文件\002队列和栈\03栈：后入先出的数据结构</Filter>
    </ClCompile>
    <ClCompile Include="739.每日温度.cpp">
      <Filter>源文件\002队列和栈\03栈：后入先出的数据结构</Filter>
    </ClCompile>
    <ClCompile Include="150.逆波兰表达式求值.cpp">
      <Filter>源文件\002队列和栈\03栈：后入先出的数据结构</Filter>
    </ClCompile>
    <ClCompile Include="200.岛屿数量dfs.cpp">
      <Filter>源文件\002队列和栈\04栈和深度优先搜索</Filter>
    </ClCompile>
    <ClCompile Include="133.克隆图dfs.cpp">
      <Filter>源文件\002队列和栈\04栈和深度优先搜索</Filter>
    </ClCompile>
    <ClCompile Include="133.克隆图bfs.cpp">
      <Filter>源文件\002队列和栈\04栈和深度优先搜索</Filter>
    </ClCompile>
    <ClCompile Include="494.目标和dfs.cpp">
      <Filter>源文件\002队列和栈\04栈和深度优先搜索</Filter>
    </ClCompile>
    <ClCompile Include="94.二叉树的中序遍历.cpp">
      <Filter>源文件\002队列和栈\04栈和深度优先搜索</Filter>
    </ClCompile>
    <ClCompile Include="用栈实现队列.cpp">
      <Filter>源文件\002队列和栈\05小结</Filter>
    </ClCompile>
    <ClCompile Include="用队列实现栈.cpp">
      <Filter>源文件\002队列和栈\05小结</Filter>
    </ClCompile>
    <ClCompile Include="394.字符串解码.cpp">
      <Filter>源文件\002队列和栈\05小结</Filter>
    </ClCompile>
    <ClCompile Include="源1.cpp">
      <Filter>源文件\999笔试真题\海康</Filter>
    </ClCompile>
  </ItemGroup>
</Project>